// !$*UTF8*$!
{
	archiveVersion = 1;
	classes = {
	};
	objectVersion = 50;
	objects = {

/* Begin PBXBuildFile section */
		17EB6BE32372C7EA00038456 /* AppDelegate.swift in Sources */ = {isa = PBXBuildFile; fileRef = 17EB6BE22372C7EA00038456 /* AppDelegate.swift */; };
		17EB6BE52372C7EA00038456 /* SceneDelegate.swift in Sources */ = {isa = PBXBuildFile; fileRef = 17EB6BE42372C7EA00038456 /* SceneDelegate.swift */; };
		17EB6BE72372C7EA00038456 /* LandmarkDetail.swift in Sources */ = {isa = PBXBuildFile; fileRef = 17EB6BE62372C7EA00038456 /* LandmarkDetail.swift */; };
		17EB6BE92372C7ED00038456 /* Assets.xcassets in Resources */ = {isa = PBXBuildFile; fileRef = 17EB6BE82372C7ED00038456 /* Assets.xcassets */; };
		17EB6BEC2372C7ED00038456 /* Preview Assets.xcassets in Resources */ = {isa = PBXBuildFile; fileRef = 17EB6BEB2372C7ED00038456 /* Preview Assets.xcassets */; };
		17EB6BEF2372C7ED00038456 /* LaunchScreen.storyboard in Resources */ = {isa = PBXBuildFile; fileRef = 17EB6BED2372C7ED00038456 /* LaunchScreen.storyboard */; };
		17EB6BF72372CA6300038456 /* CircleImage.swift in Sources */ = {isa = PBXBuildFile; fileRef = 17EB6BF62372CA6300038456 /* CircleImage.swift */; };
		17EB6BF92372CB2400038456 /* MapView.swift in Sources */ = {isa = PBXBuildFile; fileRef = 17EB6BF82372CB2400038456 /* MapView.swift */; };
		17EB6BFF2372CF4B00038456 /* Data.swift in Sources */ = {isa = PBXBuildFile; fileRef = 17EB6BFD2372CF4B00038456 /* Data.swift */; };
		17EB6C002372CF4B00038456 /* Landmark.swift in Sources */ = {isa = PBXBuildFile; fileRef = 17EB6BFE2372CF4B00038456 /* Landmark.swift */; };
		17EB6C102372CFA400038456 /* turtlerock.jpg in Resources */ = {isa = PBXBuildFile; fileRef = 17EB6C032372CFA400038456 /* turtlerock.jpg */; };
		17EB6C112372CFA400038456 /* silversalmoncreek.jpg in Resources */ = {isa = PBXBuildFile; fileRef = 17EB6C042372CFA400038456 /* silversalmoncreek.jpg */; };
		17EB6C122372CFA400038456 /* icybay.jpg in Resources */ = {isa = PBXBuildFile; fileRef = 17EB6C052372CFA400038456 /* icybay.jpg */; };
		17EB6C132372CFA400038456 /* lakemcdonald.jpg in Resources */ = {isa = PBXBuildFile; fileRef = 17EB6C062372CFA400038456 /* lakemcdonald.jpg */; };
		17EB6C142372CFA400038456 /* hiddenlake.jpg in Resources */ = {isa = PBXBuildFile; fileRef = 17EB6C072372CFA400038456 /* hiddenlake.jpg */; };
		17EB6C152372CFA400038456 /* twinlake.jpg in Resources */ = {isa = PBXBuildFile; fileRef = 17EB6C082372CFA400038456 /* twinlake.jpg */; };
		17EB6C162372CFA400038456 /* umbagog.jpg in Resources */ = {isa = PBXBuildFile; fileRef = 17EB6C092372CFA400038456 /* umbagog.jpg */; };
		17EB6C172372CFA400038456 /* landmarkData.json in Resources */ = {isa = PBXBuildFile; fileRef = 17EB6C0A2372CFA400038456 /* landmarkData.json */; };
		17EB6C182372CFA400038456 /* chincoteague.jpg in Resources */ = {isa = PBXBuildFile; fileRef = 17EB6C0B2372CFA400038456 /* chincoteague.jpg */; };
		17EB6C192372CFA400038456 /* charleyrivers.jpg in Resources */ = {isa = PBXBuildFile; fileRef = 17EB6C0C2372CFA400038456 /* charleyrivers.jpg */; };
		17EB6C1A2372CFA400038456 /* stmarylake.jpg in Resources */ = {isa = PBXBuildFile; fileRef = 17EB6C0D2372CFA400038456 /* stmarylake.jpg */; };
		17EB6C1B2372CFA400038456 /* chilkoottrail.jpg in Resources */ = {isa = PBXBuildFile; fileRef = 17EB6C0E2372CFA400038456 /* chilkoottrail.jpg */; };
		17EB6C1C2372CFA400038456 /* rainbowlake.jpg in Resources */ = {isa = PBXBuildFile; fileRef = 17EB6C0F2372CFA400038456 /* rainbowlake.jpg */; };
		17EB6C1E2372D3DE00038456 /* LandmarkRow.swift in Sources */ = {isa = PBXBuildFile; fileRef = 17EB6C1D2372D3DE00038456 /* LandmarkRow.swift */; };
		17EB6C232372D4FA00038456 /* LandmarkList.swift in Sources */ = {isa = PBXBuildFile; fileRef = 17EB6C222372D4FA00038456 /* LandmarkList.swift */; };
		17EB6C252372FA9200038456 /* UserData.swift in Sources */ = {isa = PBXBuildFile; fileRef = 17EB6C242372FA9200038456 /* UserData.swift */; };
		17EB6C2723730B3A00038456 /* HexagonParameters.swift in Sources */ = {isa = PBXBuildFile; fileRef = 17EB6C2623730B3A00038456 /* HexagonParameters.swift */; };
		17EB6C2923730C3E00038456 /* Badge.swift in Sources */ = {isa = PBXBuildFile; fileRef = 17EB6C2823730C3E00038456 /* Badge.swift */; };
		17EB6C2B23730E5E00038456 /* BadgeBackground.swift in Sources */ = {isa = PBXBuildFile; fileRef = 17EB6C2A23730E5E00038456 /* BadgeBackground.swift */; };
		17EB6C2D23730EAE00038456 /* BadgeSymbol.swift in Sources */ = {isa = PBXBuildFile; fileRef = 17EB6C2C23730EAE00038456 /* BadgeSymbol.swift */; };
		17EB6C2F23730F5F00038456 /* RotatedBadgeSymbol.swift in Sources */ = {isa = PBXBuildFile; fileRef = 17EB6C2E23730F5F00038456 /* RotatedBadgeSymbol.swift */; };
		17EB6C322373125B00038456 /* GraphCapsule.swift in Sources */ = {isa = PBXBuildFile; fileRef = 17EB6C302373125B00038456 /* GraphCapsule.swift */; };
		17EB6C332373125B00038456 /* HikeGraph.swift in Sources */ = {isa = PBXBuildFile; fileRef = 17EB6C312373125B00038456 /* HikeGraph.swift */; };
		17EB6C352373128B00038456 /* hikeData.json in Resources */ = {isa = PBXBuildFile; fileRef = 17EB6C342373128B00038456 /* hikeData.json */; };
		17EB6C37237312CC00038456 /* Hike.swift in Sources */ = {isa = PBXBuildFile; fileRef = 17EB6C36237312CC00038456 /* Hike.swift */; };
		17EB6C3A237312E600038456 /* HikeDetail.swift in Sources */ = {isa = PBXBuildFile; fileRef = 17EB6C38237312E500038456 /* HikeDetail.swift */; };
		17EB6C3B237312E600038456 /* HikeView.swift in Sources */ = {isa = PBXBuildFile; fileRef = 17EB6C39237312E600038456 /* HikeView.swift */; };
		17EB6C3D23732CE500038456 /* Home.swift in Sources */ = {isa = PBXBuildFile; fileRef = 17EB6C3C23732CE500038456 /* Home.swift */; };
		17EB6C3F23732DC500038456 /* CategoryRow.swift in Sources */ = {isa = PBXBuildFile; fileRef = 17EB6C3E23732DC400038456 /* CategoryRow.swift */; };
		17EB6C41237337ED00038456 /* Profile.swift in Sources */ = {isa = PBXBuildFile; fileRef = 17EB6C40237337ED00038456 /* Profile.swift */; };
		17EB6C432373394600038456 /* ProfileHost.swift in Sources */ = {isa = PBXBuildFile; fileRef = 17EB6C422373394600038456 /* ProfileHost.swift */; };
		17EB6C46237339E200038456 /* ProfileSummary.swift in Sources */ = {isa = PBXBuildFile; fileRef = 17EB6C45237339E200038456 /* ProfileSummary.swift */; };
		17EB6C4823733A4200038456 /* HikeBadge.swift in Sources */ = {isa = PBXBuildFile; fileRef = 17EB6C4723733A4200038456 /* HikeBadge.swift */; };
		17EB6C4A23733C0C00038456 /* ProfileEditor.swift in Sources */ = {isa = PBXBuildFile; fileRef = 17EB6C4923733C0C00038456 /* ProfileEditor.swift */; };
/* End PBXBuildFile section */

/* Begin PBXFileReference section */
		17EB6BDF2372C7EA00038456 /* Landmarks.app */ = {isa = PBXFileReference; explicitFileType = wrapper.application; includeInIndex = 0; path = Landmarks.app; sourceTree = BUILT_PRODUCTS_DIR; };
		17EB6BE22372C7EA00038456 /* AppDelegate.swift */ = {isa = PBXFileReference; lastKnownFileType = sourcecode.swift; path = AppDelegate.swift; sourceTree = "<group>"; };
		17EB6BE42372C7EA00038456 /* SceneDelegate.swift */ = {isa = PBXFileReference; lastKnownFileType = sourcecode.swift; path = SceneDelegate.swift; sourceTree = "<group>"; };
		17EB6BE62372C7EA00038456 /* LandmarkDetail.swift */ = {isa = PBXFileReference; lastKnownFileType = sourcecode.swift; path = LandmarkDetail.swift; sourceTree = "<group>"; };
		17EB6BE82372C7ED00038456 /* Assets.xcassets */ = {isa = PBXFileReference; lastKnownFileType = folder.assetcatalog; path = Assets.xcassets; sourceTree = "<group>"; };
		17EB6BEB2372C7ED00038456 /* Preview Assets.xcassets */ = {isa = PBXFileReference; lastKnownFileType = folder.assetcatalog; path = "Preview Assets.xcassets"; sourceTree = "<group>"; };
		17EB6BEE2372C7ED00038456 /* Base */ = {isa = PBXFileReference; lastKnownFileType = file.storyboard; name = Base; path = Base.lproj/LaunchScreen.storyboard; sourceTree = "<group>"; };
		17EB6BF02372C7ED00038456 /* Info.plist */ = {isa = PBXFileReference; lastKnownFileType = text.plist.xml; path = Info.plist; sourceTree = "<group>"; };
		17EB6BF62372CA6300038456 /* CircleImage.swift */ = {isa = PBXFileReference; lastKnownFileType = sourcecode.swift; path = CircleImage.swift; sourceTree = "<group>"; };
		17EB6BF82372CB2400038456 /* MapView.swift */ = {isa = PBXFileReference; lastKnownFileType = sourcecode.swift; path = MapView.swift; sourceTree = "<group>"; };
		17EB6BFD2372CF4B00038456 /* Data.swift */ = {isa = PBXFileReference; fileEncoding = 4; lastKnownFileType = sourcecode.swift; path = Data.swift; sourceTree = "<group>"; };
		17EB6BFE2372CF4B00038456 /* Landmark.swift */ = {isa = PBXFileReference; fileEncoding = 4; lastKnownFileType = sourcecode.swift; path = Landmark.swift; sourceTree = "<group>"; };
		17EB6C032372CFA400038456 /* turtlerock.jpg */ = {isa = PBXFileReference; lastKnownFileType = image.jpeg; path = turtlerock.jpg; sourceTree = "<group>"; };
		17EB6C042372CFA400038456 /* silversalmoncreek.jpg */ = {isa = PBXFileReference; lastKnownFileType = image.jpeg; path = silversalmoncreek.jpg; sourceTree = "<group>"; };
		17EB6C052372CFA400038456 /* icybay.jpg */ = {isa = PBXFileReference; lastKnownFileType = image.jpeg; path = icybay.jpg; sourceTree = "<group>"; };
		17EB6C062372CFA400038456 /* lakemcdonald.jpg */ = {isa = PBXFileReference; lastKnownFileType = image.jpeg; path = lakemcdonald.jpg; sourceTree = "<group>"; };
		17EB6C072372CFA400038456 /* hiddenlake.jpg */ = {isa = PBXFileReference; lastKnownFileType = image.jpeg; path = hiddenlake.jpg; sourceTree = "<group>"; };
		17EB6C082372CFA400038456 /* twinlake.jpg */ = {isa = PBXFileReference; lastKnownFileType = image.jpeg; path = twinlake.jpg; sourceTree = "<group>"; };
		17EB6C092372CFA400038456 /* umbagog.jpg */ = {isa = PBXFileReference; lastKnownFileType = image.jpeg; path = umbagog.jpg; sourceTree = "<group>"; };
		17EB6C0A2372CFA400038456 /* landmarkData.json */ = {isa = PBXFileReference; fileEncoding = 4; lastKnownFileType = text.json; path = landmarkData.json; sourceTree = "<group>"; };
		17EB6C0B2372CFA400038456 /* chincoteague.jpg */ = {isa = PBXFileReference; lastKnownFileType = image.jpeg; path = chincoteague.jpg; sourceTree = "<group>"; };
		17EB6C0C2372CFA400038456 /* charleyrivers.jpg */ = {isa = PBXFileReference; lastKnownFileType = image.jpeg; path = charleyrivers.jpg; sourceTree = "<group>"; };
		17EB6C0D2372CFA400038456 /* stmarylake.jpg */ = {isa = PBXFileReference; lastKnownFileType = image.jpeg; path = stmarylake.jpg; sourceTree = "<group>"; };
		17EB6C0E2372CFA400038456 /* chilkoottrail.jpg */ = {isa = PBXFileReference; lastKnownFileType = image.jpeg; path = chilkoottrail.jpg; sourceTree = "<group>"; };
		17EB6C0F2372CFA400038456 /* rainbowlake.jpg */ = {isa = PBXFileReference; lastKnownFileType = image.jpeg; path = rainbowlake.jpg; sourceTree = "<group>"; };
		17EB6C1D2372D3DE00038456 /* LandmarkRow.swift */ = {isa = PBXFileReference; lastKnownFileType = sourcecode.swift; path = LandmarkRow.swift; sourceTree = "<group>"; };
		17EB6C222372D4FA00038456 /* LandmarkList.swift */ = {isa = PBXFileReference; lastKnownFileType = sourcecode.swift; path = LandmarkList.swift; sourceTree = "<group>"; };
		17EB6C242372FA9200038456 /* UserData.swift */ = {isa = PBXFileReference; lastKnownFileType = sourcecode.swift; path = UserData.swift; sourceTree = "<group>"; };
		17EB6C2623730B3A00038456 /* HexagonParameters.swift */ = {isa = PBXFileReference; fileEncoding = 4; lastKnownFileType = sourcecode.swift; path = HexagonParameters.swift; sourceTree = "<group>"; };
		17EB6C2823730C3E00038456 /* Badge.swift */ = {isa = PBXFileReference; lastKnownFileType = sourcecode.swift; path = Badge.swift; sourceTree = "<group>"; };
		17EB6C2A23730E5E00038456 /* BadgeBackground.swift */ = {isa = PBXFileReference; lastKnownFileType = sourcecode.swift; path = BadgeBackground.swift; sourceTree = "<group>"; };
		17EB6C2C23730EAE00038456 /* BadgeSymbol.swift */ = {isa = PBXFileReference; lastKnownFileType = sourcecode.swift; path = BadgeSymbol.swift; sourceTree = "<group>"; };
		17EB6C2E23730F5F00038456 /* RotatedBadgeSymbol.swift */ = {isa = PBXFileReference; lastKnownFileType = sourcecode.swift; path = RotatedBadgeSymbol.swift; sourceTree = "<group>"; };
		17EB6C302373125B00038456 /* GraphCapsule.swift */ = {isa = PBXFileReference; fileEncoding = 4; lastKnownFileType = sourcecode.swift; path = GraphCapsule.swift; sourceTree = "<group>"; };
		17EB6C312373125B00038456 /* HikeGraph.swift */ = {isa = PBXFileReference; fileEncoding = 4; lastKnownFileType = sourcecode.swift; path = HikeGraph.swift; sourceTree = "<group>"; };
		17EB6C342373128B00038456 /* hikeData.json */ = {isa = PBXFileReference; fileEncoding = 4; lastKnownFileType = text.json; path = hikeData.json; sourceTree = "<group>"; };
		17EB6C36237312CC00038456 /* Hike.swift */ = {isa = PBXFileReference; fileEncoding = 4; lastKnownFileType = sourcecode.swift; path = Hike.swift; sourceTree = "<group>"; };
		17EB6C38237312E500038456 /* HikeDetail.swift */ = {isa = PBXFileReference; fileEncoding = 4; lastKnownFileType = sourcecode.swift; path = HikeDetail.swift; sourceTree = "<group>"; };
		17EB6C39237312E600038456 /* HikeView.swift */ = {isa = PBXFileReference; fileEncoding = 4; lastKnownFileType = sourcecode.swift; path = HikeView.swift; sourceTree = "<group>"; };
		17EB6C3C23732CE500038456 /* Home.swift */ = {isa = PBXFileReference; lastKnownFileType = sourcecode.swift; path = Home.swift; sourceTree = "<group>"; };
		17EB6C3E23732DC400038456 /* CategoryRow.swift */ = {isa = PBXFileReference; lastKnownFileType = sourcecode.swift; path = CategoryRow.swift; sourceTree = "<group>"; };
		17EB6C40237337ED00038456 /* Profile.swift */ = {isa = PBXFileReference; fileEncoding = 4; lastKnownFileType = sourcecode.swift; path = Profile.swift; sourceTree = "<group>"; };
		17EB6C422373394600038456 /* ProfileHost.swift */ = {isa = PBXFileReference; lastKnownFileType = sourcecode.swift; path = ProfileHost.swift; sourceTree = "<group>"; };
		17EB6C45237339E200038456 /* ProfileSummary.swift */ = {isa = PBXFileReference; lastKnownFileType = sourcecode.swift; path = ProfileSummary.swift; sourceTree = "<group>"; };
		17EB6C4723733A4200038456 /* HikeBadge.swift */ = {isa = PBXFileReference; lastKnownFileType = sourcecode.swift; path = HikeBadge.swift; sourceTree = "<group>"; };
		17EB6C4923733C0C00038456 /* ProfileEditor.swift */ = {isa = PBXFileReference; lastKnownFileType = sourcecode.swift; path = ProfileEditor.swift; sourceTree = "<group>"; };
/* End PBXFileReference section */

/* Begin PBXFrameworksBuildPhase section */
		17EB6BDC2372C7EA00038456 /* Frameworks */ = {
			isa = PBXFrameworksBuildPhase;
			buildActionMask = 2147483647;
			files = (
			);
			runOnlyForDeploymentPostprocessing = 0;
		};
/* End PBXFrameworksBuildPhase section */

/* Begin PBXGroup section */
		17EB6BD62372C7EA00038456 = {
			isa = PBXGroup;
			children = (
				17EB6BE12372C7EA00038456 /* Landmarks */,
				17EB6BE02372C7EA00038456 /* Products */,
			);
			sourceTree = "<group>";
		};
		17EB6BE02372C7EA00038456 /* Products */ = {
			isa = PBXGroup;
			children = (
				17EB6BDF2372C7EA00038456 /* Landmarks.app */,
			);
			name = Products;
			sourceTree = "<group>";
		};
		17EB6BE12372C7EA00038456 /* Landmarks */ = {
			isa = PBXGroup;
			children = (
				17EB6BFC2372CF4B00038456 /* Models */,
				17EB6BE22372C7EA00038456 /* AppDelegate.swift */,
				17EB6BE42372C7EA00038456 /* SceneDelegate.swift */,
				17EB6C3E23732DC400038456 /* CategoryRow.swift */,
				17EB6C2623730B3A00038456 /* HexagonParameters.swift */,
				17EB6C38237312E500038456 /* HikeDetail.swift */,
				17EB6C3C23732CE500038456 /* Home.swift */,
				17EB6C39237312E600038456 /* HikeView.swift */,
				17EB6C4723733A4200038456 /* HikeBadge.swift */,
				17EB6C442373394C00038456 /* Profiles */,
				17EB6BE62372C7EA00038456 /* LandmarkDetail.swift */,
				17EB6C222372D4FA00038456 /* LandmarkList.swift */,
				17EB6C012372CF9200038456 /* Supporting Views */,
				17EB6C022372CFA400038456 /* Resources */,
				17EB6BE82372C7ED00038456 /* Assets.xcassets */,
				17EB6BED2372C7ED00038456 /* LaunchScreen.storyboard */,
				17EB6BF02372C7ED00038456 /* Info.plist */,
				17EB6BEA2372C7ED00038456 /* Preview Content */,
			);
			path = Landmarks;
			sourceTree = "<group>";
		};
		17EB6BEA2372C7ED00038456 /* Preview Content */ = {
			isa = PBXGroup;
			children = (
				17EB6BEB2372C7ED00038456 /* Preview Assets.xcassets */,
			);
			path = "Preview Content";
			sourceTree = "<group>";
		};
		17EB6BFC2372CF4B00038456 /* Models */ = {
			isa = PBXGroup;
			children = (
				17EB6BFD2372CF4B00038456 /* Data.swift */,
				17EB6C36237312CC00038456 /* Hike.swift */,
				17EB6BFE2372CF4B00038456 /* Landmark.swift */,
				17EB6C40237337ED00038456 /* Profile.swift */,
				17EB6C242372FA9200038456 /* UserData.swift */,
			);
			path = Models;
			sourceTree = "<group>";
		};
		17EB6C012372CF9200038456 /* Supporting Views */ = {
			isa = PBXGroup;
			children = (
				17EB6C2823730C3E00038456 /* Badge.swift */,
				17EB6C2A23730E5E00038456 /* BadgeBackground.swift */,
				17EB6C2C23730EAE00038456 /* BadgeSymbol.swift */,
				17EB6C2E23730F5F00038456 /* RotatedBadgeSymbol.swift */,
				17EB6BF62372CA6300038456 /* CircleImage.swift */,
				17EB6BF82372CB2400038456 /* MapView.swift */,
				17EB6C1D2372D3DE00038456 /* LandmarkRow.swift */,
				17EB6C302373125B00038456 /* GraphCapsule.swift */,
				17EB6C312373125B00038456 /* HikeGraph.swift */,
			);
			path = "Supporting Views";
			sourceTree = "<group>";
		};
		17EB6C022372CFA400038456 /* Resources */ = {
			isa = PBXGroup;
			children = (
				17EB6C0A2372CFA400038456 /* landmarkData.json */,
				17EB6C342373128B00038456 /* hikeData.json */,
				17EB6C032372CFA400038456 /* turtlerock.jpg */,
				17EB6C042372CFA400038456 /* silversalmoncreek.jpg */,
				17EB6C052372CFA400038456 /* icybay.jpg */,
				17EB6C062372CFA400038456 /* lakemcdonald.jpg */,
				17EB6C072372CFA400038456 /* hiddenlake.jpg */,
				17EB6C082372CFA400038456 /* twinlake.jpg */,
				17EB6C092372CFA400038456 /* umbagog.jpg */,
				17EB6C0B2372CFA400038456 /* chincoteague.jpg */,
				17EB6C0C2372CFA400038456 /* charleyrivers.jpg */,
				17EB6C0D2372CFA400038456 /* stmarylake.jpg */,
				17EB6C0E2372CFA400038456 /* chilkoottrail.jpg */,
				17EB6C0F2372CFA400038456 /* rainbowlake.jpg */,
			);
			path = Resources;
			sourceTree = "<group>";
		};
		17EB6C442373394C00038456 /* Profiles */ = {
			isa = PBXGroup;
			children = (
				17EB6C422373394600038456 /* ProfileHost.swift */,
				17EB6C45237339E200038456 /* ProfileSummary.swift */,
				17EB6C4923733C0C00038456 /* ProfileEditor.swift */,
			);
			path = Profiles;
			sourceTree = "<group>";
		};
/* End PBXGroup section */

/* Begin PBXNativeTarget section */
		17EB6BDE2372C7EA00038456 /* Landmarks */ = {
			isa = PBXNativeTarget;
			buildConfigurationList = 17EB6BF32372C7ED00038456 /* Build configuration list for PBXNativeTarget "Landmarks" */;
			buildPhases = (
				17EB6BDB2372C7EA00038456 /* Sources */,
				17EB6BDC2372C7EA00038456 /* Frameworks */,
				17EB6BDD2372C7EA00038456 /* Resources */,
			);
			buildRules = (
			);
			dependencies = (
			);
			name = Landmarks;
			productName = Landmarks;
			productReference = 17EB6BDF2372C7EA00038456 /* Landmarks.app */;
			productType = "com.apple.product-type.application";
		};
/* End PBXNativeTarget section */

/* Begin PBXProject section */
		17EB6BD72372C7EA00038456 /* Project object */ = {
			isa = PBXProject;
			attributes = {
				LastSwiftUpdateCheck = 1120;
				LastUpgradeCheck = 1120;
				ORGANIZATIONNAME = Philipp;
				TargetAttributes = {
					17EB6BDE2372C7EA00038456 = {
						CreatedOnToolsVersion = 11.2;
					};
				};
			};
			buildConfigurationList = 17EB6BDA2372C7EA00038456 /* Build configuration list for PBXProject "Landmarks" */;
			compatibilityVersion = "Xcode 9.3";
			developmentRegion = en;
			hasScannedForEncodings = 0;
			knownRegions = (
				en,
				Base,
			);
			mainGroup = 17EB6BD62372C7EA00038456;
			productRefGroup = 17EB6BE02372C7EA00038456 /* Products */;
			projectDirPath = "";
			projectRoot = "";
			targets = (
				17EB6BDE2372C7EA00038456 /* Landmarks */,
			);
		};
/* End PBXProject section */

/* Begin PBXResourcesBuildPhase section */
		17EB6BDD2372C7EA00038456 /* Resources */ = {
			isa = PBXResourcesBuildPhase;
			buildActionMask = 2147483647;
			files = (
				17EB6C132372CFA400038456 /* lakemcdonald.jpg in Resources */,
				17EB6C112372CFA400038456 /* silversalmoncreek.jpg in Resources */,
				17EB6C352373128B00038456 /* hikeData.json in Resources */,
				17EB6C172372CFA400038456 /* landmarkData.json in Resources */,
				17EB6C102372CFA400038456 /* turtlerock.jpg in Resources */,
				17EB6BEF2372C7ED00038456 /* LaunchScreen.storyboard in Resources */,
				17EB6C162372CFA400038456 /* umbagog.jpg in Resources */,
				17EB6C1A2372CFA400038456 /* stmarylake.jpg in Resources */,
				17EB6C182372CFA400038456 /* chincoteague.jpg in Resources */,
				17EB6BEC2372C7ED00038456 /* Preview Assets.xcassets in Resources */,
				17EB6C122372CFA400038456 /* icybay.jpg in Resources */,
				17EB6C152372CFA400038456 /* twinlake.jpg in Resources */,
				17EB6C142372CFA400038456 /* hiddenlake.jpg in Resources */,
				17EB6BE92372C7ED00038456 /* Assets.xcassets in Resources */,
				17EB6C1C2372CFA400038456 /* rainbowlake.jpg in Resources */,
				17EB6C1B2372CFA400038456 /* chilkoottrail.jpg in Resources */,
				17EB6C192372CFA400038456 /* charleyrivers.jpg in Resources */,
			);
			runOnlyForDeploymentPostprocessing = 0;
		};
/* End PBXResourcesBuildPhase section */

/* Begin PBXSourcesBuildPhase section */
		17EB6BDB2372C7EA00038456 /* Sources */ = {
			isa = PBXSourcesBuildPhase;
			buildActionMask = 2147483647;
			files = (
				17EB6C3F23732DC500038456 /* CategoryRow.swift in Sources */,
				17EB6C002372CF4B00038456 /* Landmark.swift in Sources */,
				17EB6C2923730C3E00038456 /* Badge.swift in Sources */,
				17EB6C432373394600038456 /* ProfileHost.swift in Sources */,
				17EB6C41237337ED00038456 /* Profile.swift in Sources */,
				17EB6BE32372C7EA00038456 /* AppDelegate.swift in Sources */,
				17EB6BFF2372CF4B00038456 /* Data.swift in Sources */,
				17EB6BF72372CA6300038456 /* CircleImage.swift in Sources */,
				17EB6C2723730B3A00038456 /* HexagonParameters.swift in Sources */,
				17EB6C37237312CC00038456 /* Hike.swift in Sources */,
				17EB6C3A237312E600038456 /* HikeDetail.swift in Sources */,
				17EB6C232372D4FA00038456 /* LandmarkList.swift in Sources */,
				17EB6C2D23730EAE00038456 /* BadgeSymbol.swift in Sources */,
				17EB6C2F23730F5F00038456 /* RotatedBadgeSymbol.swift in Sources */,
				17EB6BF92372CB2400038456 /* MapView.swift in Sources */,
				17EB6C2B23730E5E00038456 /* BadgeBackground.swift in Sources */,
				17EB6C4823733A4200038456 /* HikeBadge.swift in Sources */,
				17EB6C3D23732CE500038456 /* Home.swift in Sources */,
				17EB6C3B237312E600038456 /* HikeView.swift in Sources */,
				17EB6BE52372C7EA00038456 /* SceneDelegate.swift in Sources */,
				17EB6C322373125B00038456 /* GraphCapsule.swift in Sources */,
				17EB6C1E2372D3DE00038456 /* LandmarkRow.swift in Sources */,
				17EB6C252372FA9200038456 /* UserData.swift in Sources */,
				17EB6C46237339E200038456 /* ProfileSummary.swift in Sources */,
				17EB6BE72372C7EA00038456 /* LandmarkDetail.swift in Sources */,
				17EB6C332373125B00038456 /* HikeGraph.swift in Sources */,
				17EB6C4A23733C0C00038456 /* ProfileEditor.swift in Sources */,
			);
			runOnlyForDeploymentPostprocessing = 0;
		};
/* End PBXSourcesBuildPhase section */

/* Begin PBXVariantGroup section */
		17EB6BED2372C7ED00038456 /* LaunchScreen.storyboard */ = {
			isa = PBXVariantGroup;
			children = (
				17EB6BEE2372C7ED00038456 /* Base */,
			);
			name = LaunchScreen.storyboard;
			sourceTree = "<group>";
		};
/* End PBXVariantGroup section */

/* Begin XCBuildConfiguration section */
		17EB6BF12372C7ED00038456 /* Debug */ = {
			isa = XCBuildConfiguration;
			buildSettings = {
				ALWAYS_SEARCH_USER_PATHS = NO;
				CLANG_ANALYZER_NONNULL = YES;
				CLANG_ANALYZER_NUMBER_OBJECT_CONVERSION = YES_AGGRESSIVE;
				CLANG_CXX_LANGUAGE_STANDARD = "gnu++14";
				CLANG_CXX_LIBRARY = "libc++";
				CLANG_ENABLE_MODULES = YES;
				CLANG_ENABLE_OBJC_ARC = YES;
				CLANG_ENABLE_OBJC_WEAK = YES;
				CLANG_WARN_BLOCK_CAPTURE_AUTORELEASING = YES;
				CLANG_WARN_BOOL_CONVERSION = YES;
				CLANG_WARN_COMMA = YES;
				CLANG_WARN_CONSTANT_CONVERSION = YES;
				CLANG_WARN_DEPRECATED_OBJC_IMPLEMENTATIONS = YES;
				CLANG_WARN_DIRECT_OBJC_ISA_USAGE = YES_ERROR;
				CLANG_WARN_DOCUMENTATION_COMMENTS = YES;
				CLANG_WARN_EMPTY_BODY = YES;
				CLANG_WARN_ENUM_CONVERSION = YES;
				CLANG_WARN_INFINITE_RECURSION = YES;
				CLANG_WARN_INT_CONVERSION = YES;
				CLANG_WARN_NON_LITERAL_NULL_CONVERSION = YES;
				CLANG_WARN_OBJC_IMPLICIT_RETAIN_SELF = YES;
				CLANG_WARN_OBJC_LITERAL_CONVERSION = YES;
				CLANG_WARN_OBJC_ROOT_CLASS = YES_ERROR;
				CLANG_WARN_RANGE_LOOP_ANALYSIS = YES;
				CLANG_WARN_STRICT_PROTOTYPES = YES;
				CLANG_WARN_SUSPICIOUS_MOVE = YES;
				CLANG_WARN_UNGUARDED_AVAILABILITY = YES_AGGRESSIVE;
				CLANG_WARN_UNREACHABLE_CODE = YES;
				CLANG_WARN__DUPLICATE_METHOD_MATCH = YES;
				COPY_PHASE_STRIP = NO;
				DEBUG_INFORMATION_FORMAT = dwarf;
				ENABLE_STRICT_OBJC_MSGSEND = YES;
				ENABLE_TESTABILITY = YES;
				GCC_C_LANGUAGE_STANDARD = gnu11;
				GCC_DYNAMIC_NO_PIC = NO;
				GCC_NO_COMMON_BLOCKS = YES;
				GCC_OPTIMIZATION_LEVEL = 0;
				GCC_PREPROCESSOR_DEFINITIONS = (
					"DEBUG=1",
					"$(inherited)",
				);
				GCC_WARN_64_TO_32_BIT_CONVERSION = YES;
				GCC_WARN_ABOUT_RETURN_TYPE = YES_ERROR;
				GCC_WARN_UNDECLARED_SELECTOR = YES;
				GCC_WARN_UNINITIALIZED_AUTOS = YES_AGGRESSIVE;
				GCC_WARN_UNUSED_FUNCTION = YES;
				GCC_WARN_UNUSED_VARIABLE = YES;
				IPHONEOS_DEPLOYMENT_TARGET = 13.2;
				MTL_ENABLE_DEBUG_INFO = INCLUDE_SOURCE;
				MTL_FAST_MATH = YES;
				ONLY_ACTIVE_ARCH = YES;
				SDKROOT = iphoneos;
				SWIFT_ACTIVE_COMPILATION_CONDITIONS = DEBUG;
				SWIFT_OPTIMIZATION_LEVEL = "-Onone";
			};
			name = Debug;
		};
		17EB6BF22372C7ED00038456 /* Release */ = {
			isa = XCBuildConfiguration;
			buildSettings = {
				ALWAYS_SEARCH_USER_PATHS = NO;
				CLANG_ANALYZER_NONNULL = YES;
				CLANG_ANALYZER_NUMBER_OBJECT_CONVERSION = YES_AGGRESSIVE;
				CLANG_CXX_LANGUAGE_STANDARD = "gnu++14";
				CLANG_CXX_LIBRARY = "libc++";
				CLANG_ENABLE_MODULES = YES;
				CLANG_ENABLE_OBJC_ARC = YES;
				CLANG_ENABLE_OBJC_WEAK = YES;
				CLANG_WARN_BLOCK_CAPTURE_AUTORELEASING = YES;
				CLANG_WARN_BOOL_CONVERSION = YES;
				CLANG_WARN_COMMA = YES;
				CLANG_WARN_CONSTANT_CONVERSION = YES;
				CLANG_WARN_DEPRECATED_OBJC_IMPLEMENTATIONS = YES;
				CLANG_WARN_DIRECT_OBJC_ISA_USAGE = YES_ERROR;
				CLANG_WARN_DOCUMENTATION_COMMENTS = YES;
				CLANG_WARN_EMPTY_BODY = YES;
				CLANG_WARN_ENUM_CONVERSION = YES;
				CLANG_WARN_INFINITE_RECURSION = YES;
				CLANG_WARN_INT_CONVERSION = YES;
				CLANG_WARN_NON_LITERAL_NULL_CONVERSION = YES;
				CLANG_WARN_OBJC_IMPLICIT_RETAIN_SELF = YES;
				CLANG_WARN_OBJC_LITERAL_CONVERSION = YES;
				CLANG_WARN_OBJC_ROOT_CLASS = YES_ERROR;
				CLANG_WARN_RANGE_LOOP_ANALYSIS = YES;
				CLANG_WARN_STRICT_PROTOTYPES = YES;
				CLANG_WARN_SUSPICIOUS_MOVE = YES;
				CLANG_WARN_UNGUARDED_AVAILABILITY = YES_AGGRESSIVE;
				CLANG_WARN_UNREACHABLE_CODE = YES;
				CLANG_WARN__DUPLICATE_METHOD_MATCH = YES;
				COPY_PHASE_STRIP = NO;
				DEBUG_INFORMATION_FORMAT = "dwarf-with-dsym";
				ENABLE_NS_ASSERTIONS = NO;
				ENABLE_STRICT_OBJC_MSGSEND = YES;
				GCC_C_LANGUAGE_STANDARD = gnu11;
				GCC_NO_COMMON_BLOCKS = YES;
				GCC_WARN_64_TO_32_BIT_CONVERSION = YES;
				GCC_WARN_ABOUT_RETURN_TYPE = YES_ERROR;
				GCC_WARN_UNDECLARED_SELECTOR = YES;
				GCC_WARN_UNINITIALIZED_AUTOS = YES_AGGRESSIVE;
				GCC_WARN_UNUSED_FUNCTION = YES;
				GCC_WARN_UNUSED_VARIABLE = YES;
				IPHONEOS_DEPLOYMENT_TARGET = 13.2;
				MTL_ENABLE_DEBUG_INFO = NO;
				MTL_FAST_MATH = YES;
				SDKROOT = iphoneos;
				SWIFT_COMPILATION_MODE = wholemodule;
				SWIFT_OPTIMIZATION_LEVEL = "-O";
				VALIDATE_PRODUCT = YES;
			};
			name = Release;
		};
		17EB6BF42372C7ED00038456 /* Debug */ = {
			isa = XCBuildConfiguration;
			buildSettings = {
				ASSETCATALOG_COMPILER_APPICON_NAME = AppIcon;
				CODE_SIGN_STYLE = Automatic;
				DEVELOPMENT_ASSET_PATHS = "\"Landmarks/Preview Content\"";
				DEVELOPMENT_TEAM = P8CC95REUG;
				ENABLE_PREVIEWS = YES;
				INFOPLIST_FILE = Landmarks/Info.plist;
				LD_RUNPATH_SEARCH_PATHS = (
					"$(inherited)",
					"@executable_path/Frameworks",
				);
				PRODUCT_BUNDLE_IDENTIFIER = com.yourcompany.Landmarks;
				PRODUCT_NAME = "$(TARGET_NAME)";
				SWIFT_VERSION = 5.0;
				TARGETED_DEVICE_FAMILY = "1,2";
			};
			name = Debug;
		};
		17EB6BF52372C7ED00038456 /* Release */ = {
			isa = XCBuildConfiguration;
			buildSettings = {
				ASSETCATALOG_COMPILER_APPICON_NAME = AppIcon;
				CODE_SIGN_STYLE = Automatic;
				DEVELOPMENT_ASSET_PATHS = "\"Landmarks/Preview Content\"";
				DEVELOPMENT_TEAM = P8CC95REUG;
				ENABLE_PREVIEWS = YES;
				INFOPLIST_FILE = Landmarks/Info.plist;
				LD_RUNPATH_SEARCH_PATHS = (
					"$(inherited)",
					"@executable_path/Frameworks",
				);
				PRODUCT_BUNDLE_IDENTIFIER = com.yourcompany.Landmarks;
				PRODUCT_NAME = "$(TARGET_NAME)";
				SWIFT_VERSION = 5.0;
				TARGETED_DEVICE_FAMILY = "1,2";
			};
			name = Release;
		};
/* End XCBuildConfiguration section */

/* Begin XCConfigurationList section */
		17EB6BDA2372C7EA00038456 /* Build configuration list for PBXProject "Landmarks" */ = {
			isa = XCConfigurationList;
			buildConfigurations = (
				17EB6BF12372C7ED00038456 /* Debug */,
				17EB6BF22372C7ED00038456 /* Release */,
			);
			defaultConfigurationIsVisible = 0;
			defaultConfigurationName = Release;
		};
		17EB6BF32372C7ED00038456 /* Build configuration list for PBXNativeTarget "Landmarks" */ = {
			isa = XCConfigurationList;
			buildConfigurations = (
				17EB6BF42372C7ED00038456 /* Debug */,
				17EB6BF52372C7ED00038456 /* Release */,
			);
			defaultConfigurationIsVisible = 0;
			defaultConfigurationName = Release;
		};
/* End XCConfigurationList section */
	};
	rootObject = 17EB6BD72372C7EA00038456 /* Project object */;
}
